// !$*UTF8*$!
{
	archiveVersion = 1;
	classes = {
	};
	objectVersion = 46;
	objects = {

/* Begin PBXBuildFile section */
		FDD4ABF51E8C7D64005F84BF /* AppDelegate.swift in Sources */ = {isa = PBXBuildFile; fileRef = FDD4ABF41E8C7D64005F84BF /* AppDelegate.swift */; };
		FDD4ABF71E8C7D64005F84BF /* ViewController.swift in Sources */ = {isa = PBXBuildFile; fileRef = FDD4ABF61E8C7D64005F84BF /* ViewController.swift */; };
		FDD4ABFA1E8C7D64005F84BF /* Main.storyboard in Resources */ = {isa = PBXBuildFile; fileRef = FDD4ABF81E8C7D64005F84BF /* Main.storyboard */; };
		FDD4ABFC1E8C7D64005F84BF /* Assets.xcassets in Resources */ = {isa = PBXBuildFile; fileRef = FDD4ABFB1E8C7D64005F84BF /* Assets.xcassets */; };
		FDD4ABFF1E8C7D64005F84BF /* LaunchScreen.storyboard in Resources */ = {isa = PBXBuildFile; fileRef = FDD4ABFD1E8C7D64005F84BF /* LaunchScreen.storyboard */; };
		FDD4AC071E8C7FCB005F84BF /* CollectionViewCell.swift in Sources */ = {isa = PBXBuildFile; fileRef = FDD4AC061E8C7FCB005F84BF /* CollectionViewCell.swift */; };
/* End PBXBuildFile section */

/* Begin PBXFileReference section */
		FDD4ABF11E8C7D64005F84BF /* CollectionView.app */ = {isa = PBXFileReference; explicitFileType = wrapper.application; includeInIndex = 0; path = CollectionView.app; sourceTree = BUILT_PRODUCTS_DIR; };
		FDD4ABF41E8C7D64005F84BF /* AppDelegate.swift */ = {isa = PBXFileReference; lastKnownFileType = sourcecode.swift; path = AppDelegate.swift; sourceTree = "<group>"; };
		FDD4ABF61E8C7D64005F84BF /* ViewController.swift */ = {isa = PBXFileReference; lastKnownFileType = sourcecode.swift; path = ViewController.swift; sourceTree = "<group>"; };
		FDD4ABF91E8C7D64005F84BF /* Base */ = {isa = PBXFileReference; lastKnownFileType = file.storyboard; name = Base; path = Base.lproj/Main.storyboard; sourceTree = "<group>"; };
		FDD4ABFB1E8C7D64005F84BF /* Assets.xcassets */ = {isa = PBXFileReference; lastKnownFileType = folder.assetcatalog; path = Assets.xcassets; sourceTree = "<group>"; };
		FDD4ABFE1E8C7D64005F84BF /* Base */ = {isa = PBXFileReference; lastKnownFileType = file.storyboard; name = Base; path = Base.lproj/LaunchScreen.storyboard; sourceTree = "<group>"; };
		FDD4AC001E8C7D64005F84BF /* Info.plist */ = {isa = PBXFileReference; lastKnownFileType = text.plist.xml; path = Info.plist; sourceTree = "<group>"; };
		FDD4AC061E8C7FCB005F84BF /* CollectionViewCell.swift */ = {isa = PBXFileReference; fileEncoding = 4; lastKnownFileType = sourcecode.swift; path = CollectionViewCell.swift; sourceTree = "<group>"; };
/* End PBXFileReference section */

/* Begin PBXFrameworksBuildPhase section */
		FDD4ABEE1E8C7D64005F84BF /* Frameworks */ = {
			isa = PBXFrameworksBuildPhase;
			buildActionMask = 2147483647;
			files = (
			);
			runOnlyForDeploymentPostprocessing = 0;
		};
/* End PBXFrameworksBuildPhase section */

/* Begin PBXGroup section */
		FDD4ABE81E8C7D64005F84BF = {
			isa = PBXGroup;
			children = (
				FDD4ABF31E8C7D64005F84BF /* CollectionView */,
				FDD4ABF21E8C7D64005F84BF /* Products */,
			);
			sourceTree = "<group>";
		};
		FDD4ABF21E8C7D64005F84BF /* Products */ = {
			isa = PBXGroup;
			children = (
				FDD4ABF11E8C7D64005F84BF /* CollectionView.app */,
			);
			name = Products;
			sourceTree = "<group>";
		};
		FDD4ABF31E8C7D64005F84BF /* CollectionView */ = {
			isa = PBXGroup;
			children = (
				FDD4ABF41E8C7D64005F84BF /* AppDelegate.swift */,
				FDD4ABF61E8C7D64005F84BF /* ViewController.swift */,
				FDD4ABF81E8C7D64005F84BF /* Main.storyboard */,
				FDD4ABFB1E8C7D64005F84BF /* Assets.xcassets */,
				FDD4ABFD1E8C7D64005F84BF /* LaunchScreen.storyboard */,
				FDD4AC001E8C7D64005F84BF /* Info.plist */,
				FDD4AC061E8C7FCB005F84BF /* CollectionViewCell.swift */,
			);
			path = CollectionView;
			sourceTree = "<group>";
		};
/* End PBXGroup section */

/* Begin PBXNativeTarget section */
		FDD4ABF01E8C7D64005F84BF /* CollectionView */ = {
			isa = PBXNativeTarget;
			buildConfigurationList = FDD4AC031E8C7D64005F84BF /* Build configuration list for PBXNativeTarget "CollectionView" */;
			buildPhases = (
				FDD4ABED1E8C7D64005F84BF /* Sources */,
				FDD4ABEE1E8C7D64005F84BF /* Frameworks */,
				FDD4ABEF1E8C7D64005F84BF /* Resources */,
			);
			buildRules = (
			);
			dependencies = (
			);
			name = CollectionView;
			productName = CollectionView;
			productReference = FDD4ABF11E8C7D64005F84BF /* CollectionView.app */;
			productType = "com.apple.product-type.application";
		};
/* End PBXNativeTarget section */

/* Begin PBXProject section */
		FDD4ABE91E8C7D64005F84BF /* Project object */ = {
			isa = PBXProject;
			attributes = {
				LastSwiftUpdateCheck = 0830;
				LastUpgradeCheck = 0830;
				ORGANIZATIONNAME = "Centennial College";
				TargetAttributes = {
					FDD4ABF01E8C7D64005F84BF = {
						CreatedOnToolsVersion = 8.3;
						DevelopmentTeam = 2BULHRS882;
						ProvisioningStyle = Automatic;
					};
				};
			};
			buildConfigurationList = FDD4ABEC1E8C7D64005F84BF /* Build configuration list for PBXProject "CollectionView" */;
			compatibilityVersion = "Xcode 3.2";
			developmentRegion = English;
			hasScannedForEncodings = 0;
			knownRegions = (
				en,
				Base,
			);
			mainGroup = FDD4ABE81E8C7D64005F84BF;
			productRefGroup = FDD4ABF21E8C7D64005F84BF /* Products */;
			projectDirPath = "";
			projectRoot = "";
			targets = (
				FDD4ABF01E8C7D64005F84BF /* CollectionView */,
			);
		};
/* End PBXProject section */

/* Begin PBXResourcesBuildPhase section */
		FDD4ABEF1E8C7D64005F84BF /* Resources */ = {
			isa = PBXResourcesBuildPhase;
			buildActionMask = 2147483647;
			files = (
				FDD4ABFF1E8C7D64005F84BF /* LaunchScreen.storyboard in Resources */,
				FDD4ABFC1E8C7D64005F84BF /* Assets.xcassets in Resources */,
				FDD4ABFA1E8C7D64005F84BF /* Main.storyboard in Resources */,
			);
			runOnlyForDeploymentPostprocessing = 0;
		};
/* End PBXResourcesBuildPhase section */

/* Begin PBXSourcesBuildPhase section */
		FDD4ABED1E8C7D64005F84BF /* Sources */ = {
			isa = PBXSourcesBuildPhase;
			buildActionMask = 2147483647;
			files = (
				FDD4ABF71E8C7D64005F84BF /* ViewController.swift in Sources */,
				FDD4ABF51E8C7D64005F84BF /* AppDelegate.swift in Sources */,
				FDD4AC071E8C7FCB005F84BF /* CollectionViewCell.swift in Sources */,
			);
			runOnlyForDeploymentPostprocessing = 0;
		};
/* End PBXSourcesBuildPhase section */

/* Begin PBXVariantGroup section */
		FDD4ABF81E8C7D64005F84BF /* Main.storyboard */ = {
			isa = PBXVariantGroup;
			children = (
				FDD4ABF91E8C7D64005F84BF /* Base */,
			);
			name = Main.storyboard;
			sourceTree = "<group>";
		};
		FDD4ABFD1E8C7D64005F84BF /* LaunchScreen.storyboard */ = {
			isa = PBXVariantGroup;
			children = (
				FDD4ABFE1E8C7D64005F84BF /* Base */,
			);
			name = LaunchScreen.storyboard;
			sourceTree = "<group>";
		};
/* End PBXVariantGroup section */

/* Begin XCBuildConfiguration section */
		FDD4AC011E8C7D64005F84BF /* Debug */ = {
			isa = XCBuildConfiguration;
			buildSettings = {
				ALWAYS_SEARCH_USER_PATHS = NO;
				CLANG_ANALYZER_NONNULL = YES;
				CLANG_ANALYZER_NUMBER_OBJECT_CONVERSION = YES_AGGRESSIVE;
				CLANG_CXX_LANGUAGE_STANDARD = "gnu++0x";
				CLANG_CXX_LIBRARY = "libc++";
				CLANG_ENABLE_MODULES = YES;
				CLANG_ENABLE_OBJC_ARC = YES;
				CLANG_WARN_BOOL_CONVERSION = YES;
				CLANG_WARN_CONSTANT_CONVERSION = YES;
				CLANG_WARN_DIRECT_OBJC_ISA_USAGE = YES_ERROR;
				CLANG_WARN_DOCUMENTATION_COMMENTS = YES;
				CLANG_WARN_EMPTY_BODY = YES;
				CLANG_WARN_ENUM_CONVERSION = YES;
				CLANG_WARN_INFINITE_RECURSION = YES;
				CLANG_WARN_INT_CONVERSION = YES;
				CLANG_WARN_OBJC_ROOT_CLASS = YES_ERROR;
				CLANG_WARN_SUSPICIOUS_MOVE = YES;
				CLANG_WARN_UNREACHABLE_CODE = YES;
				CLANG_WARN__DUPLICATE_METHOD_MATCH = YES;
				"CODE_SIGN_IDENTITY[sdk=iphoneos*]" = "iPhone Developer";
				COPY_PHASE_STRIP = NO;
				DEBUG_INFORMATION_FORMAT = dwarf;
				ENABLE_STRICT_OBJC_MSGSEND = YES;
				ENABLE_TESTABILITY = YES;
				GCC_C_LANGUAGE_STANDARD = gnu99;
				GCC_DYNAMIC_NO_PIC = NO;
				GCC_NO_COMMON_BLOCKS = YES;
				GCC_OPTIMIZATION_LEVEL = 0;
				GCC_PREPROCESSOR_DEFINITIONS = (
					"DEBUG=1",
					"$(inherited)",
				);
				GCC_WARN_64_TO_32_BIT_CONVERSION = YES;
				GCC_WARN_ABOUT_RETURN_TYPE = YES_ERROR;
				GCC_WARN_UNDECLARED_SELECTOR = YES;
				GCC_WARN_UNINITIALIZED_AUTOS = YES_AGGRESSIVE;
				GCC_WARN_UNUSED_FUNCTION = YES;
				GCC_WARN_UNUSED_VARIABLE = YES;
				IPHONEOS_DEPLOYMENT_TARGET = 10.3;
				MTL_ENABLE_DEBUG_INFO = YES;
				ONLY_ACTIVE_ARCH = YES;
				SDKROOT = iphoneos;
				SWIFT_ACTIVE_COMPILATION_CONDITIONS = DEBUG;
				SWIFT_OPTIMIZATION_LEVEL = "-Onone";
			};
			name = Debug;
		};
		FDD4AC021E8C7D64005F84BF /* Release */ = {
			isa = XCBuildConfiguration;
			buildSettings = {
				ALWAYS_SEARCH_USER_PATHS = NO;
				CLANG_ANALYZER_NONNULL = YES;
				CLANG_ANALYZER_NUMBER_OBJECT_CONVERSION = YES_AGGRESSIVE;
				CLANG_CXX_LANGUAGE_STANDARD = "gnu++0x";
				CLANG_CXX_LIBRARY = "libc++";
				CLANG_ENABLE_MODULES = YES;
				CLANG_ENABLE_OBJC_ARC = YES;
				CLANG_WARN_BOOL_CONVERSION = YES;
				CLANG_WARN_CONSTANT_CONVERSION = YES;
				CLANG_WARN_DIRECT_OBJC_ISA_USAGE = YES_ERROR;
				CLANG_WARN_DOCUMENTATION_COMMENTS = YES;
				CLANG_WARN_EMPTY_BODY = YES;
				CLANG_WARN_ENUM_CONVERSION = YES;
				CLANG_WARN_INFINITE_RECURSION = YES;
				CLANG_WARN_INT_CONVERSION = YES;
				CLANG_WARN_OBJC_ROOT_CLASS = YES_ERROR;
				CLANG_WARN_SUSPICIOUS_MOVE = YES;
				CLANG_WARN_UNREACHABLE_CODE = YES;
				CLANG_WARN__DUPLICATE_METHOD_MATCH = YES;
				"CODE_SIGN_IDENTITY[sdk=iphoneos*]" = "iPhone Developer";
				COPY_PHASE_STRIP = NO;
				DEBUG_INFORMATION_FORMAT = "dwarf-with-dsym";
				ENABLE_NS_ASSERTIONS = NO;
				ENABLE_STRICT_OBJC_MSGSEND = YES;
				GCC_C_LANGUAGE_STANDARD = gnu99;
				GCC_NO_COMMON_BLOCKS = YES;
				GCC_WARN_64_TO_32_BIT_CONVERSION = YES;
				GCC_WARN_ABOUT_RETURN_TYPE = YES_ERROR;
				GCC_WARN_UNDECLARED_SELECTOR = YES;
				GCC_WARN_UNINITIALIZED_AUTOS = YES_AGGRESSIVE;
				GCC_WARN_UNUSED_FUNCTION = YES;
				GCC_WARN_UNUSED_VARIABLE = YES;
				IPHONEOS_DEPLOYMENT_TARGET = 10.3;
				MTL_ENABLE_DEBUG_INFO = NO;
				SDKROOT = iphoneos;
				SWIFT_OPTIMIZATION_LEVEL = "-Owholemodule";
				VALIDATE_PRODUCT = YES;
			};
			name = Release;
		};
		FDD4AC041E8C7D64005F84BF /* Debug */ = {
			isa = XCBuildConfiguration;
			buildSettings = {
				ASSETCATALOG_COMPILER_APPICON_NAME = AppIcon;
				DEVELOPMENT_TEAM = 2BULHRS882;
				INFOPLIST_FILE = CollectionView/Info.plist;
				LD_RUNPATH_SEARCH_PATHS = "$(inherited) @executable_path/Frameworks";
				PRODUCT_BUNDLE_IDENTIFIER = com.basil.CollectionView;
				PRODUCT_NAME = "$(TARGET_NAME)";
				SWIFT_VERSION = 3.0;
			};
			name = Debug;
		};
		FDD4AC051E8C7D64005F84BF /* Release */ = {
			isa = XCBuildConfiguration;
			buildSettings = {
				ASSETCATALOG_COMPILER_APPICON_NAME = AppIcon;
				DEVELOPMENT_TEAM = 2BULHRS882;
				INFOPLIST_FILE = CollectionView/Info.plist;
				LD_RUNPATH_SEARCH_PATHS = "$(inherited) @executable_path/Frameworks";
				PRODUCT_BUNDLE_IDENTIFIER = com.basil.CollectionView;
				PRODUCT_NAME = "$(TARGET_NAME)";
				SWIFT_VERSION = 3.0;
			};
			name = Release;
		};
/* End XCBuildConfiguration section */

/* Begin XCConfigurationList section */
		FDD4ABEC1E8C7D64005F84BF /* Build configuration list for PBXProject "CollectionView" */ = {
			isa = XCConfigurationList;
			buildConfigurations = (
				FDD4AC011E8C7D64005F84BF /* Debug */,
				FDD4AC021E8C7D64005F84BF /* Release */,
			);
			defaultConfigurationIsVisible = 0;
			defaultConfigurationName = Release;
		};
		FDD4AC031E8C7D64005F84BF /* Build configuration list for PBXNativeTarget "CollectionView" */ = {
			isa = XCConfigurationList;
			buildConfigurations = (
				FDD4AC041E8C7D64005F84BF /* Debug */,
				FDD4AC051E8C7D64005F84BF /* Release */,
			);
			defaultConfigurationIsVisible = 0;
		};
/* End XCConfigurationList section */
	};
	rootObject = FDD4ABE91E8C7D64005F84BF /* Project object */;
}
